
Microsoft Visual Studio Solution File, Format Version 12.00
# Visual Studio Version 17
VisualStudioVersion = 17.0.31912.275
MinimumVisualStudioVersion = 10.0.40219.1
Project("{FAE04EC0-301F-11D3-BF4B-00C04F79EFBC}") = "doctorpatient", "doctorpatient\doctorpatient.csproj", "{10997DD1-22A7-4C4C-BB3F-019114F46BE7}"
EndProject
Global
	GlobalSection(SolutionConfigurationPlatforms) = preSolution
		Debug|Any CPU = Debug|Any CPU
		Release|Any CPU = Release|Any CPU
	EndGlobalSection
	GlobalSection(ProjectConfigurationPlatforms) = postSolution
		{10997DD1-22A7-4C4C-BB3F-019114F46BE7}.Debug|Any CPU.ActiveCfg = Debug|Any CPU
		{10997DD1-22A7-4C4C-BB3F-019114F46BE7}.Debug|Any CPU.Build.0 = Debug|Any CPU
		{10997DD1-22A7-4C4C-BB3F-019114F46BE7}.Release|Any CPU.ActiveCfg = Release|Any CPU
		{10997DD1-22A7-4C4C-BB3F-019114F46BE7}.Release|Any CPU.Build.0 = Release|Any CPU
	EndGlobalSection
	GlobalSection(SolutionProperties) = preSolution
		HideSolutionNode = FALSE
	EndGlobalSection
	GlobalSection(ExtensibilityGlobals) = postSolution
		SolutionGuid = {0FFEA8E1-5E6E-469D-A8F4-8FB721FDA0EE}
	EndGlobalSection
EndGlobal
